
Microsoft Visual Studio Solution File, Format Version 12.00
# Visual Studio Version 17
VisualStudioVersion = 17.5.002.0
MinimumVisualStudioVersion = 10.0.40219.1
Project("{2150E333-8FDC-42A3-9474-1A3956D46DE8}") = "Back", "Back", "{1F7FE58B-6F3C-4156-A97C-9FB80555022A}"
EndProject
Project("{2150E333-8FDC-42A3-9474-1A3956D46DE8}") = "src", "src", "{EC2C9C97-8A77-4262-870D-E9DC63EBEBBB}"
EndProject
Project("{9A19103F-16F7-4668-BE54-9A1E7A4F7556}") = "ProEventos.API", "Back\src\ProEventos.API\ProEventos.API.csproj", "{CA46541A-6161-4984-83B4-14F2859BFCE8}"
EndProject
Global
	GlobalSection(SolutionConfigurationPlatforms) = preSolution
		Debug|Any CPU = Debug|Any CPU
		Release|Any CPU = Release|Any CPU
	EndGlobalSection
	GlobalSection(ProjectConfigurationPlatforms) = postSolution
		{CA46541A-6161-4984-83B4-14F2859BFCE8}.Debug|Any CPU.ActiveCfg = Debug|Any CPU
		{CA46541A-6161-4984-83B4-14F2859BFCE8}.Debug|Any CPU.Build.0 = Debug|Any CPU
		{CA46541A-6161-4984-83B4-14F2859BFCE8}.Release|Any CPU.ActiveCfg = Release|Any CPU
		{CA46541A-6161-4984-83B4-14F2859BFCE8}.Release|Any CPU.Build.0 = Release|Any CPU
	EndGlobalSection
	GlobalSection(SolutionProperties) = preSolution
		HideSolutionNode = FALSE
	EndGlobalSection
	GlobalSection(NestedProjects) = preSolution
		{EC2C9C97-8A77-4262-870D-E9DC63EBEBBB} = {1F7FE58B-6F3C-4156-A97C-9FB80555022A}
		{CA46541A-6161-4984-83B4-14F2859BFCE8} = {EC2C9C97-8A77-4262-870D-E9DC63EBEBBB}
	EndGlobalSection
	GlobalSection(ExtensibilityGlobals) = postSolution
		SolutionGuid = {96542880-8223-4B96-B010-FAA03B96C83E}
	EndGlobalSection
EndGlobal
